// !$*UTF8*$!
{
	archiveVersion = 1;
	classes = {
	};
	objectVersion = 46;
	objects = {

/* Begin PBXBuildFile section */
		13254FA71E3D08BD00E39EDC /* HopWithWeight+CoreDataClass.swift in Sources */ = {isa = PBXBuildFile; fileRef = 13254FA31E3D08BD00E39EDC /* HopWithWeight+CoreDataClass.swift */; };
		13254FA81E3D08BD00E39EDC /* HopWithWeight+CoreDataProperties.swift in Sources */ = {isa = PBXBuildFile; fileRef = 13254FA41E3D08BD00E39EDC /* HopWithWeight+CoreDataProperties.swift */; };
		13254FA91E3D08BD00E39EDC /* GrainWithWeight+CoreDataClass.swift in Sources */ = {isa = PBXBuildFile; fileRef = 13254FA51E3D08BD00E39EDC /* GrainWithWeight+CoreDataClass.swift */; };
		13254FAA1E3D08BD00E39EDC /* GrainWithWeight+CoreDataProperties.swift in Sources */ = {isa = PBXBuildFile; fileRef = 13254FA61E3D08BD00E39EDC /* GrainWithWeight+CoreDataProperties.swift */; };
		134973731E2DFC8D00B14E3C /* Beer-App-Swift.xcdatamodeld in Sources */ = {isa = PBXBuildFile; fileRef = 134973711E2DFC8D00B14E3C /* Beer-App-Swift.xcdatamodeld */; };
		134973C61E2E04A900B14E3C /* Yeasts+CoreDataClass.swift in Sources */ = {isa = PBXBuildFile; fileRef = 134973BE1E2E04A900B14E3C /* Yeasts+CoreDataClass.swift */; };
		134973C71E2E04A900B14E3C /* Yeasts+CoreDataProperties.swift in Sources */ = {isa = PBXBuildFile; fileRef = 134973BF1E2E04A900B14E3C /* Yeasts+CoreDataProperties.swift */; };
		134973C81E2E04A900B14E3C /* Recipes+CoreDataClass.swift in Sources */ = {isa = PBXBuildFile; fileRef = 134973C01E2E04A900B14E3C /* Recipes+CoreDataClass.swift */; };
		134973C91E2E04A900B14E3C /* Recipes+CoreDataProperties.swift in Sources */ = {isa = PBXBuildFile; fileRef = 134973C11E2E04A900B14E3C /* Recipes+CoreDataProperties.swift */; };
		134973CA1E2E04A900B14E3C /* Grains+CoreDataClass.swift in Sources */ = {isa = PBXBuildFile; fileRef = 134973C21E2E04A900B14E3C /* Grains+CoreDataClass.swift */; };
		134973CB1E2E04A900B14E3C /* Grains+CoreDataProperties.swift in Sources */ = {isa = PBXBuildFile; fileRef = 134973C31E2E04A900B14E3C /* Grains+CoreDataProperties.swift */; };
		134973CC1E2E04A900B14E3C /* Hops+CoreDataClass.swift in Sources */ = {isa = PBXBuildFile; fileRef = 134973C41E2E04A900B14E3C /* Hops+CoreDataClass.swift */; };
		134973CD1E2E04A900B14E3C /* Hops+CoreDataProperties.swift in Sources */ = {isa = PBXBuildFile; fileRef = 134973C51E2E04A900B14E3C /* Hops+CoreDataProperties.swift */; };
		139879B71E49905E00004ACE /* ColorDecider.swift in Sources */ = {isa = PBXBuildFile; fileRef = 139879B61E49905E00004ACE /* ColorDecider.swift */; };
		13A7AE551E2DA48E00D27940 /* CoreData.framework in Frameworks */ = {isa = PBXBuildFile; fileRef = 13A7AE541E2DA48E00D27940 /* CoreData.framework */; settings = {ATTRIBUTES = (Required, ); }; };
		13C5405B1E19FC1500374021 /* AppDelegate.swift in Sources */ = {isa = PBXBuildFile; fileRef = 13C5405A1E19FC1500374021 /* AppDelegate.swift */; };
		13C5405D1E19FC1500374021 /* RecipeBuilderViewController.swift in Sources */ = {isa = PBXBuildFile; fileRef = 13C5405C1E19FC1500374021 /* RecipeBuilderViewController.swift */; };
		13C540601E19FC1500374021 /* Main.storyboard in Resources */ = {isa = PBXBuildFile; fileRef = 13C5405E1E19FC1500374021 /* Main.storyboard */; };
		13C540621E19FC1500374021 /* Assets.xcassets in Resources */ = {isa = PBXBuildFile; fileRef = 13C540611E19FC1500374021 /* Assets.xcassets */; };
		13C540651E19FC1500374021 /* LaunchScreen.storyboard in Resources */ = {isa = PBXBuildFile; fileRef = 13C540631E19FC1500374021 /* LaunchScreen.storyboard */; };
		13E0B3631E35430000E95AE3 /* AddNewIngredientViewController.swift in Sources */ = {isa = PBXBuildFile; fileRef = 13E0B3621E35430000E95AE3 /* AddNewIngredientViewController.swift */; };
		13E0B3651E3543AC00E95AE3 /* ArchivedRecipesViewController.swift in Sources */ = {isa = PBXBuildFile; fileRef = 13E0B3641E3543AC00E95AE3 /* ArchivedRecipesViewController.swift */; };
/* End PBXBuildFile section */

/* Begin PBXBuildRule section */
		13A7AE561E2DDFAD00D27940 /* PBXBuildRule */ = {
			isa = PBXBuildRule;
			compilerSpec = com.apple.compilers.proxy.script;
			fileType = text.plist.strings;
			isEditable = 1;
			outputFiles = (
			);
			script = "# builtin-copyStrings\n";
		};
/* End PBXBuildRule section */

/* Begin PBXFileReference section */
		13254FA31E3D08BD00E39EDC /* HopWithWeight+CoreDataClass.swift */ = {isa = PBXFileReference; fileEncoding = 4; lastKnownFileType = sourcecode.swift; path = "HopWithWeight+CoreDataClass.swift"; sourceTree = "<group>"; };
		13254FA41E3D08BD00E39EDC /* HopWithWeight+CoreDataProperties.swift */ = {isa = PBXFileReference; fileEncoding = 4; lastKnownFileType = sourcecode.swift; path = "HopWithWeight+CoreDataProperties.swift"; sourceTree = "<group>"; };
		13254FA51E3D08BD00E39EDC /* GrainWithWeight+CoreDataClass.swift */ = {isa = PBXFileReference; fileEncoding = 4; lastKnownFileType = sourcecode.swift; path = "GrainWithWeight+CoreDataClass.swift"; sourceTree = "<group>"; };
		13254FA61E3D08BD00E39EDC /* GrainWithWeight+CoreDataProperties.swift */ = {isa = PBXFileReference; fileEncoding = 4; lastKnownFileType = sourcecode.swift; path = "GrainWithWeight+CoreDataProperties.swift"; sourceTree = "<group>"; };
		134973721E2DFC8D00B14E3C /* Beer-App-Swift.xcdatamodel */ = {isa = PBXFileReference; lastKnownFileType = wrapper.xcdatamodel; path = "Beer-App-Swift.xcdatamodel"; sourceTree = "<group>"; };
		134973BE1E2E04A900B14E3C /* Yeasts+CoreDataClass.swift */ = {isa = PBXFileReference; fileEncoding = 4; lastKnownFileType = sourcecode.swift; path = "Yeasts+CoreDataClass.swift"; sourceTree = "<group>"; };
		134973BF1E2E04A900B14E3C /* Yeasts+CoreDataProperties.swift */ = {isa = PBXFileReference; fileEncoding = 4; lastKnownFileType = sourcecode.swift; path = "Yeasts+CoreDataProperties.swift"; sourceTree = "<group>"; };
		134973C01E2E04A900B14E3C /* Recipes+CoreDataClass.swift */ = {isa = PBXFileReference; fileEncoding = 4; lastKnownFileType = sourcecode.swift; path = "Recipes+CoreDataClass.swift"; sourceTree = "<group>"; };
		134973C11E2E04A900B14E3C /* Recipes+CoreDataProperties.swift */ = {isa = PBXFileReference; fileEncoding = 4; lastKnownFileType = sourcecode.swift; path = "Recipes+CoreDataProperties.swift"; sourceTree = "<group>"; };
		134973C21E2E04A900B14E3C /* Grains+CoreDataClass.swift */ = {isa = PBXFileReference; fileEncoding = 4; lastKnownFileType = sourcecode.swift; path = "Grains+CoreDataClass.swift"; sourceTree = "<group>"; };
		134973C31E2E04A900B14E3C /* Grains+CoreDataProperties.swift */ = {isa = PBXFileReference; fileEncoding = 4; lastKnownFileType = sourcecode.swift; path = "Grains+CoreDataProperties.swift"; sourceTree = "<group>"; };
		134973C41E2E04A900B14E3C /* Hops+CoreDataClass.swift */ = {isa = PBXFileReference; fileEncoding = 4; lastKnownFileType = sourcecode.swift; path = "Hops+CoreDataClass.swift"; sourceTree = "<group>"; };
		134973C51E2E04A900B14E3C /* Hops+CoreDataProperties.swift */ = {isa = PBXFileReference; fileEncoding = 4; lastKnownFileType = sourcecode.swift; path = "Hops+CoreDataProperties.swift"; sourceTree = "<group>"; };
		139879B61E49905E00004ACE /* ColorDecider.swift */ = {isa = PBXFileReference; fileEncoding = 4; lastKnownFileType = sourcecode.swift; path = ColorDecider.swift; sourceTree = "<group>"; };
		13A7AE541E2DA48E00D27940 /* CoreData.framework */ = {isa = PBXFileReference; lastKnownFileType = wrapper.framework; name = CoreData.framework; path = System/Library/Frameworks/CoreData.framework; sourceTree = SDKROOT; };
		13C540571E19FC1500374021 /* Beer-App-Swift.app */ = {isa = PBXFileReference; explicitFileType = wrapper.application; includeInIndex = 0; path = "Beer-App-Swift.app"; sourceTree = BUILT_PRODUCTS_DIR; };
		13C5405A1E19FC1500374021 /* AppDelegate.swift */ = {isa = PBXFileReference; lastKnownFileType = sourcecode.swift; path = AppDelegate.swift; sourceTree = "<group>"; };
		13C5405C1E19FC1500374021 /* RecipeBuilderViewController.swift */ = {isa = PBXFileReference; lastKnownFileType = sourcecode.swift; path = RecipeBuilderViewController.swift; sourceTree = "<group>"; };
		13C5405F1E19FC1500374021 /* Base */ = {isa = PBXFileReference; lastKnownFileType = file.storyboard; name = Base; path = Base.lproj/Main.storyboard; sourceTree = "<group>"; };
		13C540611E19FC1500374021 /* Assets.xcassets */ = {isa = PBXFileReference; lastKnownFileType = folder.assetcatalog; path = Assets.xcassets; sourceTree = "<group>"; };
		13C540641E19FC1500374021 /* Base */ = {isa = PBXFileReference; lastKnownFileType = file.storyboard; name = Base; path = Base.lproj/LaunchScreen.storyboard; sourceTree = "<group>"; };
		13C540661E19FC1500374021 /* Info.plist */ = {isa = PBXFileReference; lastKnownFileType = text.plist.xml; path = Info.plist; sourceTree = "<group>"; };
		13E0B3621E35430000E95AE3 /* AddNewIngredientViewController.swift */ = {isa = PBXFileReference; fileEncoding = 4; lastKnownFileType = sourcecode.swift; path = AddNewIngredientViewController.swift; sourceTree = "<group>"; };
		13E0B3641E3543AC00E95AE3 /* ArchivedRecipesViewController.swift */ = {isa = PBXFileReference; fileEncoding = 4; lastKnownFileType = sourcecode.swift; path = ArchivedRecipesViewController.swift; sourceTree = "<group>"; };
/* End PBXFileReference section */

/* Begin PBXFrameworksBuildPhase section */
		13C540541E19FC1400374021 /* Frameworks */ = {
			isa = PBXFrameworksBuildPhase;
			buildActionMask = 2147483647;
			files = (
				13A7AE551E2DA48E00D27940 /* CoreData.framework in Frameworks */,
			);
			runOnlyForDeploymentPostprocessing = 0;
		};
/* End PBXFrameworksBuildPhase section */

/* Begin PBXGroup section */
		13A7AE531E2DA48E00D27940 /* Frameworks */ = {
			isa = PBXGroup;
			children = (
				13A7AE541E2DA48E00D27940 /* CoreData.framework */,
			);
			name = Frameworks;
			sourceTree = "<group>";
		};
		13C5404E1E19FC1400374021 = {
			isa = PBXGroup;
			children = (
				13254FA31E3D08BD00E39EDC /* HopWithWeight+CoreDataClass.swift */,
				13254FA41E3D08BD00E39EDC /* HopWithWeight+CoreDataProperties.swift */,
				13254FA51E3D08BD00E39EDC /* GrainWithWeight+CoreDataClass.swift */,
				13254FA61E3D08BD00E39EDC /* GrainWithWeight+CoreDataProperties.swift */,
				134973BE1E2E04A900B14E3C /* Yeasts+CoreDataClass.swift */,
				134973BF1E2E04A900B14E3C /* Yeasts+CoreDataProperties.swift */,
				134973C01E2E04A900B14E3C /* Recipes+CoreDataClass.swift */,
				134973C11E2E04A900B14E3C /* Recipes+CoreDataProperties.swift */,
				134973C21E2E04A900B14E3C /* Grains+CoreDataClass.swift */,
				134973C31E2E04A900B14E3C /* Grains+CoreDataProperties.swift */,
				134973C41E2E04A900B14E3C /* Hops+CoreDataClass.swift */,
				134973C51E2E04A900B14E3C /* Hops+CoreDataProperties.swift */,
				13C540591E19FC1500374021 /* Beer-App-Swift */,
				13C540581E19FC1500374021 /* Products */,
				13A7AE531E2DA48E00D27940 /* Frameworks */,
			);
			sourceTree = "<group>";
		};
		13C540581E19FC1500374021 /* Products */ = {
			isa = PBXGroup;
			children = (
				13C540571E19FC1500374021 /* Beer-App-Swift.app */,
			);
			name = Products;
			sourceTree = "<group>";
		};
		13C540591E19FC1500374021 /* Beer-App-Swift */ = {
			isa = PBXGroup;
			children = (
				13C5405A1E19FC1500374021 /* AppDelegate.swift */,
				13E0B3641E3543AC00E95AE3 /* ArchivedRecipesViewController.swift */,
				13C5405C1E19FC1500374021 /* RecipeBuilderViewController.swift */,
				13E0B3621E35430000E95AE3 /* AddNewIngredientViewController.swift */,
				139879B61E49905E00004ACE /* ColorDecider.swift */,
				13C5405E1E19FC1500374021 /* Main.storyboard */,
				13C540611E19FC1500374021 /* Assets.xcassets */,
				13C540631E19FC1500374021 /* LaunchScreen.storyboard */,
				13C540661E19FC1500374021 /* Info.plist */,
				134973711E2DFC8D00B14E3C /* Beer-App-Swift.xcdatamodeld */,
			);
			name = "Beer-App-Swift";
			path = "3rd Try";
			sourceTree = "<group>";
		};
/* End PBXGroup section */

/* Begin PBXNativeTarget section */
		13C540561E19FC1400374021 /* Beer-App-Swift */ = {
			isa = PBXNativeTarget;
			buildConfigurationList = 13C540691E19FC1500374021 /* Build configuration list for PBXNativeTarget "Beer-App-Swift" */;
			buildPhases = (
				13C540531E19FC1400374021 /* Sources */,
				13C540541E19FC1400374021 /* Frameworks */,
				13C540551E19FC1400374021 /* Resources */,
			);
			buildRules = (
				13A7AE561E2DDFAD00D27940 /* PBXBuildRule */,
			);
			dependencies = (
			);
			name = "Beer-App-Swift";
			productName = "3rd Try";
			productReference = 13C540571E19FC1500374021 /* Beer-App-Swift.app */;
			productType = "com.apple.product-type.application";
		};
/* End PBXNativeTarget section */

/* Begin PBXProject section */
		13C5404F1E19FC1400374021 /* Project object */ = {
			isa = PBXProject;
			attributes = {
				LastSwiftUpdateCheck = 0820;
				LastUpgradeCheck = 0820;
				ORGANIZATIONNAME = "Bailey Peterson";
				TargetAttributes = {
					13C540561E19FC1400374021 = {
						CreatedOnToolsVersion = 8.2.1;
						ProvisioningStyle = Automatic;
					};
				};
			};
			buildConfigurationList = 13C540521E19FC1400374021 /* Build configuration list for PBXProject "Beer-App-Swift" */;
			compatibilityVersion = "Xcode 3.2";
			developmentRegion = English;
			hasScannedForEncodings = 0;
			knownRegions = (
				en,
				Base,
			);
			mainGroup = 13C5404E1E19FC1400374021;
			productRefGroup = 13C540581E19FC1500374021 /* Products */;
			projectDirPath = "";
			projectRoot = "";
			targets = (
				13C540561E19FC1400374021 /* Beer-App-Swift */,
			);
		};
/* End PBXProject section */

/* Begin PBXResourcesBuildPhase section */
		13C540551E19FC1400374021 /* Resources */ = {
			isa = PBXResourcesBuildPhase;
			buildActionMask = 2147483647;
			files = (
				13C540651E19FC1500374021 /* LaunchScreen.storyboard in Resources */,
				13C540621E19FC1500374021 /* Assets.xcassets in Resources */,
				13C540601E19FC1500374021 /* Main.storyboard in Resources */,
			);
			runOnlyForDeploymentPostprocessing = 0;
		};
/* End PBXResourcesBuildPhase section */

/* Begin PBXSourcesBuildPhase section */
		13C540531E19FC1400374021 /* Sources */ = {
			isa = PBXSourcesBuildPhase;
			buildActionMask = 2147483647;
			files = (
				13E0B3651E3543AC00E95AE3 /* ArchivedRecipesViewController.swift in Sources */,
				13254FA71E3D08BD00E39EDC /* HopWithWeight+CoreDataClass.swift in Sources */,
				13254FA81E3D08BD00E39EDC /* HopWithWeight+CoreDataProperties.swift in Sources */,
				13C5405D1E19FC1500374021 /* RecipeBuilderViewController.swift in Sources */,
				134973C71E2E04A900B14E3C /* Yeasts+CoreDataProperties.swift in Sources */,
				13E0B3631E35430000E95AE3 /* AddNewIngredientViewController.swift in Sources */,
				13C5405B1E19FC1500374021 /* AppDelegate.swift in Sources */,
				139879B71E49905E00004ACE /* ColorDecider.swift in Sources */,
				134973CB1E2E04A900B14E3C /* Grains+CoreDataProperties.swift in Sources */,
				134973CD1E2E04A900B14E3C /* Hops+CoreDataProperties.swift in Sources */,
				134973C81E2E04A900B14E3C /* Recipes+CoreDataClass.swift in Sources */,
				134973C61E2E04A900B14E3C /* Yeasts+CoreDataClass.swift in Sources */,
				134973CA1E2E04A900B14E3C /* Grains+CoreDataClass.swift in Sources */,
				134973731E2DFC8D00B14E3C /* Beer-App-Swift.xcdatamodeld in Sources */,
				134973C91E2E04A900B14E3C /* Recipes+CoreDataProperties.swift in Sources */,
				13254FAA1E3D08BD00E39EDC /* GrainWithWeight+CoreDataProperties.swift in Sources */,
				134973CC1E2E04A900B14E3C /* Hops+CoreDataClass.swift in Sources */,
				13254FA91E3D08BD00E39EDC /* GrainWithWeight+CoreDataClass.swift in Sources */,
			);
			runOnlyForDeploymentPostprocessing = 0;
		};
/* End PBXSourcesBuildPhase section */

/* Begin PBXVariantGroup section */
		13C5405E1E19FC1500374021 /* Main.storyboard */ = {
			isa = PBXVariantGroup;
			children = (
				13C5405F1E19FC1500374021 /* Base */,
			);
			name = Main.storyboard;
			sourceTree = "<group>";
		};
		13C540631E19FC1500374021 /* LaunchScreen.storyboard */ = {
			isa = PBXVariantGroup;
			children = (
				13C540641E19FC1500374021 /* Base */,
			);
			name = LaunchScreen.storyboard;
			sourceTree = "<group>";
		};
/* End PBXVariantGroup section */

/* Begin XCBuildConfiguration section */
		13C540671E19FC1500374021 /* Debug */ = {
			isa = XCBuildConfiguration;
			buildSettings = {
				ALWAYS_SEARCH_USER_PATHS = NO;
				CLANG_ANALYZER_NONNULL = YES;
				CLANG_CXX_LANGUAGE_STANDARD = "gnu++0x";
				CLANG_CXX_LIBRARY = "libc++";
				CLANG_ENABLE_MODULES = YES;
				CLANG_ENABLE_OBJC_ARC = YES;
				CLANG_WARN_BOOL_CONVERSION = YES;
				CLANG_WARN_CONSTANT_CONVERSION = YES;
				CLANG_WARN_DIRECT_OBJC_ISA_USAGE = YES_ERROR;
				CLANG_WARN_DOCUMENTATION_COMMENTS = YES;
				CLANG_WARN_EMPTY_BODY = YES;
				CLANG_WARN_ENUM_CONVERSION = YES;
				CLANG_WARN_INFINITE_RECURSION = YES;
				CLANG_WARN_INT_CONVERSION = YES;
				CLANG_WARN_OBJC_ROOT_CLASS = YES_ERROR;
				CLANG_WARN_SUSPICIOUS_MOVE = YES;
				CLANG_WARN_UNREACHABLE_CODE = YES;
				CLANG_WARN__DUPLICATE_METHOD_MATCH = YES;
				"CODE_SIGN_IDENTITY[sdk=iphoneos*]" = "iPhone Developer";
				COPY_PHASE_STRIP = NO;
				DEBUG_INFORMATION_FORMAT = dwarf;
				ENABLE_STRICT_OBJC_MSGSEND = YES;
				ENABLE_TESTABILITY = YES;
				GCC_C_LANGUAGE_STANDARD = gnu99;
				GCC_DYNAMIC_NO_PIC = NO;
				GCC_NO_COMMON_BLOCKS = YES;
				GCC_OPTIMIZATION_LEVEL = 0;
				GCC_PREPROCESSOR_DEFINITIONS = (
					"DEBUG=1",
					"$(inherited)",
				);
				GCC_WARN_64_TO_32_BIT_CONVERSION = YES;
				GCC_WARN_ABOUT_RETURN_TYPE = YES_ERROR;
				GCC_WARN_UNDECLARED_SELECTOR = YES;
				GCC_WARN_UNINITIALIZED_AUTOS = YES_AGGRESSIVE;
				GCC_WARN_UNUSED_FUNCTION = YES;
				GCC_WARN_UNUSED_VARIABLE = YES;
				IPHONEOS_DEPLOYMENT_TARGET = 10.2;
				MTL_ENABLE_DEBUG_INFO = YES;
				ONLY_ACTIVE_ARCH = YES;
				SDKROOT = iphoneos;
				SWIFT_ACTIVE_COMPILATION_CONDITIONS = DEBUG;
				SWIFT_OPTIMIZATION_LEVEL = "-Onone";
				TARGETED_DEVICE_FAMILY = "1,2";
			};
			name = Debug;
		};
		13C540681E19FC1500374021 /* Release */ = {
			isa = XCBuildConfiguration;
			buildSettings = {
				ALWAYS_SEARCH_USER_PATHS = NO;
				CLANG_ANALYZER_NONNULL = YES;
				CLANG_CXX_LANGUAGE_STANDARD = "gnu++0x";
				CLANG_CXX_LIBRARY = "libc++";
				CLANG_ENABLE_MODULES = YES;
				CLANG_ENABLE_OBJC_ARC = YES;
				CLANG_WARN_BOOL_CONVERSION = YES;
				CLANG_WARN_CONSTANT_CONVERSION = YES;
				CLANG_WARN_DIRECT_OBJC_ISA_USAGE = YES_ERROR;
				CLANG_WARN_DOCUMENTATION_COMMENTS = YES;
				CLANG_WARN_EMPTY_BODY = YES;
				CLANG_WARN_ENUM_CONVERSION = YES;
				CLANG_WARN_INFINITE_RECURSION = YES;
				CLANG_WARN_INT_CONVERSION = YES;
				CLANG_WARN_OBJC_ROOT_CLASS = YES_ERROR;
				CLANG_WARN_SUSPICIOUS_MOVE = YES;
				CLANG_WARN_UNREACHABLE_CODE = YES;
				CLANG_WARN__DUPLICATE_METHOD_MATCH = YES;
				"CODE_SIGN_IDENTITY[sdk=iphoneos*]" = "iPhone Developer";
				COPY_PHASE_STRIP = NO;
				DEBUG_INFORMATION_FORMAT = "dwarf-with-dsym";
				ENABLE_NS_ASSERTIONS = NO;
				ENABLE_STRICT_OBJC_MSGSEND = YES;
				GCC_C_LANGUAGE_STANDARD = gnu99;
				GCC_NO_COMMON_BLOCKS = YES;
				GCC_WARN_64_TO_32_BIT_CONVERSION = YES;
				GCC_WARN_ABOUT_RETURN_TYPE = YES_ERROR;
				GCC_WARN_UNDECLARED_SELECTOR = YES;
				GCC_WARN_UNINITIALIZED_AUTOS = YES_AGGRESSIVE;
				GCC_WARN_UNUSED_FUNCTION = YES;
				GCC_WARN_UNUSED_VARIABLE = YES;
				IPHONEOS_DEPLOYMENT_TARGET = 10.2;
				MTL_ENABLE_DEBUG_INFO = NO;
				SDKROOT = iphoneos;
				SWIFT_OPTIMIZATION_LEVEL = "-Owholemodule";
				TARGETED_DEVICE_FAMILY = "1,2";
				VALIDATE_PRODUCT = YES;
			};
			name = Release;
		};
		13C5406A1E19FC1500374021 /* Debug */ = {
			isa = XCBuildConfiguration;
			buildSettings = {
				ASSETCATALOG_COMPILER_APPICON_NAME = AppIcon;
				INFOPLIST_FILE = "3rd Try/Info.plist";
				LD_RUNPATH_SEARCH_PATHS = "$(inherited) @executable_path/Frameworks";
				PRODUCT_BUNDLE_IDENTIFIER = "BaileyOnly.-rd-Try";
				PRODUCT_NAME = "Beer-App-Swift";
				SWIFT_VERSION = 3.0;
			};
			name = Debug;
		};
		13C5406B1E19FC1500374021 /* Release */ = {
			isa = XCBuildConfiguration;
			buildSettings = {
				ASSETCATALOG_COMPILER_APPICON_NAME = AppIcon;
				INFOPLIST_FILE = "3rd Try/Info.plist";
				LD_RUNPATH_SEARCH_PATHS = "$(inherited) @executable_path/Frameworks";
				PRODUCT_BUNDLE_IDENTIFIER = "BaileyOnly.-rd-Try";
				PRODUCT_NAME = "Beer-App-Swift";
				SWIFT_VERSION = 3.0;
			};
			name = Release;
		};
/* End XCBuildConfiguration section */

/* Begin XCConfigurationList section */
		13C540521E19FC1400374021 /* Build configuration list for PBXProject "Beer-App-Swift" */ = {
			isa = XCConfigurationList;
			buildConfigurations = (
				13C540671E19FC1500374021 /* Debug */,
				13C540681E19FC1500374021 /* Release */,
			);
			defaultConfigurationIsVisible = 0;
			defaultConfigurationName = Release;
		};
		13C540691E19FC1500374021 /* Build configuration list for PBXNativeTarget "Beer-App-Swift" */ = {
			isa = XCConfigurationList;
			buildConfigurations = (
				13C5406A1E19FC1500374021 /* Debug */,
				13C5406B1E19FC1500374021 /* Release */,
			);
			defaultConfigurationIsVisible = 0;
			defaultConfigurationName = Release;
		};
/* End XCConfigurationList section */

/* Begin XCVersionGroup section */
		134973711E2DFC8D00B14E3C /* Beer-App-Swift.xcdatamodeld */ = {
			isa = XCVersionGroup;
			children = (
				134973721E2DFC8D00B14E3C /* Beer-App-Swift.xcdatamodel */,
			);
			currentVersion = 134973721E2DFC8D00B14E3C /* Beer-App-Swift.xcdatamodel */;
			name = "Beer-App-Swift.xcdatamodeld";
			path = "../Beer-App-Swift.xcdatamodeld";
			sourceTree = "<group>";
			versionGroupType = wrapper.xcdatamodel;
		};
/* End XCVersionGroup section */
	};
	rootObject = 13C5404F1E19FC1400374021 /* Project object */;
}
